{
  "nodes": {
    "app-launcher": {
      "flake": false,
      "locked": {
        "lastModified": 1762281245,
        "narHash": "sha256-TVITX2MH1KoAcLnRlHBEnrMzfdUBxfOTo6QqxJgLN5Y=",
        "owner": "SebastienWae",
        "repo": "app-launcher",
        "rev": "5493b8ec39c00b4971d260c03e8bbe93b25bb697",
        "type": "github"
      },
      "original": {
        "owner": "SebastienWae",
        "repo": "app-launcher",
        "type": "github"
      }
    },
    "apple-fonts": {
      "inputs": {
        "ci": "ci",
        "nixpkgs": "nixpkgs",
        "ny": "ny",
        "sf-arabic": "sf-arabic",
        "sf-armenian": "sf-armenian",
        "sf-compact": "sf-compact",
        "sf-georgian": "sf-georgian",
        "sf-hebrew": "sf-hebrew",
        "sf-mono": "sf-mono",
        "sf-pro": "sf-pro"
      },
      "locked": {
        "lastModified": 1780240721,
        "narHash": "sha256-O5dSz9h4zRnYyGYTS0hfMamYEDutsEC1PzxQELdsttU=",
        "owner": "Lyndeno",
        "repo": "apple-fonts.nix",
        "rev": "a11f7174137d4a0267bd8d7abd85da05bd9a41cc",
        "type": "github"
      },
      "original": {
        "owner": "Lyndeno",
        "repo": "apple-fonts.nix",
        "type": "github"
      }
    },
    "base16": {
      "inputs": {
        "fromYaml": "fromYaml"
      },
      "locked": {
        "lastModified": 1755819240,
        "narHash": "sha256-qcMhnL7aGAuFuutH4rq9fvAhCpJWVHLcHVZLtPctPlo=",
        "owner": "SenchoPens",
        "repo": "base16.nix",
        "rev": "75ed5e5e3fce37df22e49125181fa37899c3ccd6",
        "type": "github"
      },
      "original": {
        "owner": "SenchoPens",
        "repo": "base16.nix",
        "type": "github"
      }
    },
    "base16-fish": {
      "flake": false,
      "locked": {
        "lastModified": 1765809053,
        "narHash": "sha256-XCUQLoLfBJ8saWms2HCIj4NEN+xNsWBlU1NrEPcQG4s=",
        "owner": "tomyun",
        "repo": "base16-fish",
        "rev": "86cbea4dca62e08fb7fd83a70e96472f92574782",
        "type": "github"
      },
      "original": {
        "owner": "tomyun",
        "repo": "base16-fish",
        "rev": "86cbea4dca62e08fb7fd83a70e96472f92574782",
        "type": "github"
      }
    },
    "base16-helix": {
      "flake": false,
      "locked": {
        "lastModified": 1776754714,
        "narHash": "sha256-E3OAK27smtATTmX45uoTSRsVD+Y+ZiVVfgM/tjpbtYg=",
        "owner": "tinted-theming",
        "repo": "base16-helix",
        "rev": "4d508123037e7851ad36ebf7d9c48b0e9e1eb581",
        "type": "github"
      },
      "original": {
        "owner": "tinted-theming",
        "repo": "base16-helix",
        "type": "github"
      }
    },
    "base16-vim": {
      "flake": false,
      "locked": {
        "lastModified": 1732806396,
        "narHash": "sha256-e0bpPySdJf0F68Ndanwm+KWHgQiZ0s7liLhvJSWDNsA=",
        "owner": "tinted-theming",
        "repo": "base16-vim",
        "rev": "577fe8125d74ff456cf942c733a85d769afe58b7",
        "type": "github"
      },
      "original": {
        "owner": "tinted-theming",
        "repo": "base16-vim",
        "rev": "577fe8125d74ff456cf942c733a85d769afe58b7",
        "type": "github"
      }
    },
    "blueprint": {
      "inputs": {
        "nixpkgs": [
          "apple-fonts",
          "ci",
          "nixpkgs"
        ],
        "systems": [
          "apple-fonts",
          "ci"
        ]
      },
      "locked": {
        "lastModified": 1776249299,
        "narHash": "sha256-Dt9t1TGRmJFc0xVYhttNBD6QsAgHOHCArqGa0AyjrJY=",
        "owner": "numtide",
        "repo": "blueprint",
        "rev": "56131e8628f173d24a27f6d27c0215eff57e40dd",
        "type": "github"
      },
      "original": {
        "owner": "numtide",
        "repo": "blueprint",
        "type": "github"
      }
    },
    "ci": {
      "inputs": {
        "blueprint": "blueprint",
        "nixpkgs": [
          "apple-fonts",
          "nixpkgs"
        ]
      },
      "locked": {
        "lastModified": 1779849193,
        "narHash": "sha256-Bc80n+fA3NtxqYHWcdb1XFuYLaV+yX2xnvDRnwAv4ak=",
        "owner": "Lyndeno",
        "repo": "ci",
        "rev": "38cfa6f01bdaf91bc4ce44176b322bab2bb208a0",
        "type": "github"
      },
      "original": {
        "owner": "Lyndeno",
        "repo": "ci",
        "type": "github"
      }
    },
    "doom-nano-modeline": {
      "flake": false,
      "locked": {
        "lastModified": 1694978792,
        "narHash": "sha256-fvYraJKFdbaCELrfeSzsTvvOA5yhsLVRLe5AdXkt0ig=",
        "owner": "ronisbr",
        "repo": "doom-nano-modeline",
        "rev": "196fb7db2a177fd6c827a1e775cfada05c33da77",
        "type": "github"
      },
      "original": {
        "owner": "ronisbr",
        "repo": "doom-nano-modeline",
        "type": "github"
      }
    },
    "doom-utils": {
      "flake": false,
      "locked": {
        "lastModified": 1756500702,
        "narHash": "sha256-Ut9lt9XiHo9GHIh0duSxwydAM6gUFreUSl58qvWelVw=",
        "owner": "firefoxsalesman",
        "repo": "doom-utils",
        "rev": "44b81aa705a16679d0cda38184b8637f73d8cec6",
        "type": "github"
      },
      "original": {
        "owner": "firefoxsalesman",
        "repo": "doom-utils",
        "type": "github"
      }
    },
    "eglot-booster": {
      "flake": false,
      "locked": {
        "lastModified": 1752690112,
        "narHash": "sha256-xUBQrQpw+JZxcqT1fy/8C2tjKwa7sLFHXamBm45Fa4Y=",
        "owner": "jdtsmith",
        "repo": "eglot-booster",
        "rev": "cab7803c4f0adc7fff9da6680f90110674bb7a22",
        "type": "github"
      },
      "original": {
        "owner": "jdtsmith",
        "repo": "eglot-booster",
        "type": "github"
      }
    },
    "eglot-x": {
      "flake": false,
      "locked": {
        "lastModified": 1750956070,
        "narHash": "sha256-a2qkitikqGZBXI4aVdn8c7P4HFwep9RPWkOVBbgQV2g=",
        "owner": "nemethf",
        "repo": "eglot-x",
        "rev": "8e872efd3d0b7779bde5b1e1d75c8e646a1f729f",
        "type": "github"
      },
      "original": {
        "owner": "nemethf",
        "repo": "eglot-x",
        "type": "github"
      }
    },
    "emacs-init": {
      "inputs": {
        "doom-utils": "doom-utils",
        "eglot-booster": "eglot-booster",
        "eglot-x": "eglot-x",
        "exwm-outer-gaps": "exwm-outer-gaps",
        "org-modern-indent": "org-modern-indent",
        "org-novelist": "org-novelist",
        "semel": "semel",
        "svelte-ts-mode": "svelte-ts-mode",
        "symex": "symex",
        "use-package-eglot": "use-package-eglot"
      },
      "locked": {
        "lastModified": 1780538802,
        "narHash": "sha256-iNrDBwZI73pKXLziAJN6/Uw09RfVSWsPFHCiYaNak74=",
        "owner": "firefoxsalesman",
        "repo": "NixEmacs",
        "rev": "d59a8df3c75859d029a4c0f31638901a2a4763af",
        "type": "github"
      },
      "original": {
        "owner": "firefoxsalesman",
        "repo": "NixEmacs",
        "type": "github"
      }
    },
    "emacs-overlay": {
      "inputs": {
        "nixpkgs": "nixpkgs_2",
        "nixpkgs-stable": "nixpkgs-stable"
      },
      "locked": {
        "lastModified": 1777915877,
        "narHash": "sha256-d3BM68TVtm6c+LjJ51skYIRPoY0hXnqVn3zTL1v+mK8=",
        "owner": "nix-community",
        "repo": "emacs-overlay",
        "rev": "1746faa2845d304d6a54434a4b54b042327d61a7",
        "type": "github"
      },
      "original": {
        "owner": "nix-community",
        "ref": "1746faa",
        "repo": "emacs-overlay",
        "type": "github"
      }
    },
    "exwm-outer-gaps": {
      "flake": false,
      "locked": {
        "lastModified": 1749581212,
        "narHash": "sha256-8NR8Lii9RaMWhleKzXVOhc3yaqPVn5auU8psrsDxo+Y=",
        "owner": "firefoxsalesman",
        "repo": "exwm-outer-gaps",
        "rev": "be32f5bdbc75d0ad8165407b45fa2c707591e366",
        "type": "github"
      },
      "original": {
        "owner": "firefoxsalesman",
        "repo": "exwm-outer-gaps",
        "type": "github"
      }
    },
    "exwm-qutebrowser": {
      "flake": false,
      "locked": {
        "lastModified": 1771356239,
        "narHash": "sha256-9BOC9qDnKH566pd3ihQ3DqAfJF+cF+1p9A2VE3aK8Tc=",
        "owner": "lrustand",
        "repo": "qutebrowser.el",
        "rev": "bafeea87e9e1d8319642e8189fbd5fc8c9981b11",
        "type": "github"
      },
      "original": {
        "owner": "lrustand",
        "repo": "qutebrowser.el",
        "type": "github"
      }
    },
    "ezf": {
      "flake": false,
      "locked": {
        "lastModified": 1702913955,
        "narHash": "sha256-AxPTxgBiwAF8vxDmZOoo2sJCHB7bwmGvjwTS6SxwDMk=",
        "owner": "firefoxsalesman",
        "repo": "ezf",
        "rev": "b46e8e9dff4fd86fb513182be48aef7af9441fd1",
        "type": "github"
      },
      "original": {
        "owner": "firefoxsalesman",
        "repo": "ezf",
        "type": "github"
      }
    },
    "firefox-gnome-theme": {
      "flake": false,
      "locked": {
        "lastModified": 1779670703,
        "narHash": "sha256-UdfMivNMwCCqQsYDg5pSz8X2IOaOrIZLIIy+Bg3CO2o=",
        "owner": "rafaelmardojai",
        "repo": "firefox-gnome-theme",
        "rev": "942159e73e40bf785816f7f1f5feed9ef3d7c8f9",
        "type": "github"
      },
      "original": {
        "owner": "rafaelmardojai",
        "repo": "firefox-gnome-theme",
        "type": "github"
      }
    },
    "flake-parts": {
      "inputs": {
        "nixpkgs-lib": "nixpkgs-lib"
      },
      "locked": {
        "lastModified": 1778716662,
        "narHash": "sha256-m1Yf0wZ8j1OHjTc2UwHwyQRSnNeSgLJOd7q5Y45hzi4=",
        "owner": "hercules-ci",
        "repo": "flake-parts",
        "rev": "f7c1a2d347e4c52d5fb8d10cb4d94b5884e546fb",
        "type": "github"
      },
      "original": {
        "owner": "hercules-ci",
        "repo": "flake-parts",
        "type": "github"
      }
    },
    "flake-parts_2": {
      "inputs": {
        "nixpkgs-lib": [
          "nur",
          "nixpkgs"
        ]
      },
      "locked": {
        "lastModified": 1733312601,
        "narHash": "sha256-4pDvzqnegAfRkPwO3wmwBhVi/Sye1mzps0zHWYnP88c=",
        "owner": "hercules-ci",
        "repo": "flake-parts",
        "rev": "205b12d8b7cd4802fbcb8e8ef6a0f1408781a4f9",
        "type": "github"
      },
      "original": {
        "owner": "hercules-ci",
        "repo": "flake-parts",
        "type": "github"
      }
    },
    "flake-parts_3": {
      "inputs": {
        "nixpkgs-lib": [
          "stylix",
          "nixpkgs"
        ]
      },
      "locked": {
        "lastModified": 1778716662,
        "narHash": "sha256-m1Yf0wZ8j1OHjTc2UwHwyQRSnNeSgLJOd7q5Y45hzi4=",
        "owner": "hercules-ci",
        "repo": "flake-parts",
        "rev": "f7c1a2d347e4c52d5fb8d10cb4d94b5884e546fb",
        "type": "github"
      },
      "original": {
        "owner": "hercules-ci",
        "repo": "flake-parts",
        "type": "github"
      }
    },
    "fromYaml": {
      "flake": false,
      "locked": {
        "lastModified": 1731966426,
        "narHash": "sha256-lq95WydhbUTWig/JpqiB7oViTcHFP8Lv41IGtayokA8=",
        "owner": "SenchoPens",
        "repo": "fromYaml",
        "rev": "106af9e2f715e2d828df706c386a685698f3223b",
        "type": "github"
      },
      "original": {
        "owner": "SenchoPens",
        "repo": "fromYaml",
        "type": "github"
      }
    },
    "gnome-shell": {
      "flake": false,
      "locked": {
        "lastModified": 1767737596,
        "narHash": "sha256-eFujfIUQDgWnSJBablOuG+32hCai192yRdrNHTv0a+s=",
        "owner": "GNOME",
        "repo": "gnome-shell",
        "rev": "ef02db02bf0ff342734d525b5767814770d85b49",
        "type": "github"
      },
      "original": {
        "owner": "GNOME",
        "repo": "gnome-shell",
        "rev": "ef02db02bf0ff342734d525b5767814770d85b49",
        "type": "github"
      }
    },
    "home-manager": {
      "inputs": {
        "nixpkgs": [
          "nixpkgs"
        ]
      },
      "locked": {
        "lastModified": 1780515920,
        "narHash": "sha256-8KX2hEeOX6KP3hBBJJI8dGWVrzbOOf1rBPmg/GUG24U=",
        "owner": "nix-community",
        "repo": "home-manager",
        "rev": "4c5c1e8ba14f1c7475fa31ff11bc1c19cd220974",
        "type": "github"
      },
      "original": {
        "owner": "nix-community",
        "repo": "home-manager",
        "type": "github"
      }
    },
    "import-tree": {
      "locked": {
        "lastModified": 1778781969,
        "narHash": "sha256-Jjuz5CmSkur8KvLDoGa+vylEp+RkQtv4mt/qcMznpH0=",
        "owner": "vic",
        "repo": "import-tree",
        "rev": "d321337efd0f23a9eb14a42adb7b2c29313ab274",
        "type": "github"
      },
      "original": {
        "owner": "vic",
        "repo": "import-tree",
        "type": "github"
      }
    },
    "kmonad": {
      "inputs": {
        "nixpkgs": [
          "nixpkgs"
        ]
      },
      "locked": {
        "dir": "nix",
        "lastModified": 1778851202,
        "narHash": "sha256-UB1NEkB++msUFouWmCV5TA3b/XE+R6poeCRCnoUOpf0=",
        "owner": "kmonad",
        "repo": "kmonad",
        "rev": "8a88da3c2b6680fe77e77785ab527ff98f6a37ae",
        "type": "github"
      },
      "original": {
        "dir": "nix",
        "owner": "kmonad",
        "repo": "kmonad",
        "type": "github"
      }
    },
    "mpc-wrapper": {
      "flake": false,
      "locked": {
        "lastModified": 1774146606,
        "narHash": "sha256-0WWJUH9Oqkp3XHpmHRd0BpvZaWkx/6nodBEs5U3In/I=",
        "owner": "FirefoxSalesman",
        "repo": "mpc-wrapper",
        "rev": "6180de869a644b6a332e6aedd25fd2f566dfb323",
        "type": "github"
      },
      "original": {
        "owner": "FirefoxSalesman",
        "repo": "mpc-wrapper",
        "type": "github"
      }
    },
    "nixpkgs": {
      "locked": {
        "lastModified": 1771848320,
        "narHash": "sha256-0MAd+0mun3K/Ns8JATeHT1sX28faLII5hVLq0L3BdZU=",
        "owner": "nixos",
        "repo": "nixpkgs",
        "rev": "2fc6539b481e1d2569f25f8799236694180c0993",
        "type": "github"
      },
      "original": {
        "owner": "nixos",
        "ref": "nixos-unstable",
        "repo": "nixpkgs",
        "type": "github"
      }
    },
    "nixpkgs-lib": {
      "locked": {
        "lastModified": 1777168982,
        "narHash": "sha256-GOkGPcboWE9BmGCRMLX3worL4EMnsnG8MyKmXNeYuhQ=",
        "owner": "nix-community",
        "repo": "nixpkgs.lib",
        "rev": "f5901329dade4a6ea039af1433fb087bd9c1fe14",
        "type": "github"
      },
      "original": {
        "owner": "nix-community",
        "repo": "nixpkgs.lib",
        "type": "github"
      }
    },
    "nixpkgs-stable": {
      "locked": {
        "lastModified": 1777673416,
        "narHash": "sha256-5c2POKPOjU40Kh0MirOdScBLG0bu9TAuPYAtPRNZMBs=",
        "owner": "NixOS",
        "repo": "nixpkgs",
        "rev": "26ef669cffa904b6f6832ab57b77892a37c1a671",
        "type": "github"
      },
      "original": {
        "owner": "NixOS",
        "ref": "nixos-25.11",
        "repo": "nixpkgs",
        "type": "github"
      }
    },
    "nixpkgs-stable_2": {
      "locked": {
        "lastModified": 1779796641,
        "narHash": "sha256-ZsIrKmhp4vbBXoXXmR/tBXA/UCsAQiJL9vsgZEduhVY=",
        "owner": "nixos",
        "repo": "nixpkgs",
        "rev": "25f538306313eae3927264466c70d7001dcea1df",
        "type": "github"
      },
      "original": {
        "owner": "nixos",
        "ref": "nixos-25.11",
        "repo": "nixpkgs",
        "type": "github"
      }
    },
    "nixpkgs_2": {
      "locked": {
        "lastModified": 1777578337,
        "narHash": "sha256-Ad49moKWeXtKBJNy2ebiTQUEgdLyvGmTeykAQ9xM+Z4=",
        "owner": "NixOS",
        "repo": "nixpkgs",
        "rev": "15f4ee454b1dce334612fa6843b3e05cf546efab",
        "type": "github"
      },
      "original": {
        "owner": "NixOS",
        "ref": "nixos-unstable",
        "repo": "nixpkgs",
        "type": "github"
      }
    },
    "nixpkgs_3": {
      "locked": {
        "lastModified": 1780243769,
        "narHash": "sha256-x5UQuRsH3MqI0U9afaXSNqzTPSeZlRLvFAav2Ux1pNw=",
        "owner": "nixos",
        "repo": "nixpkgs",
        "rev": "331800de5053fcebacf6813adb5db9c9dca22a0c",
        "type": "github"
      },
      "original": {
        "owner": "nixos",
        "ref": "nixos-unstable",
        "repo": "nixpkgs",
        "type": "github"
      }
    },
    "nixpkgs_4": {
      "locked": {
        "lastModified": 1780243769,
        "narHash": "sha256-x5UQuRsH3MqI0U9afaXSNqzTPSeZlRLvFAav2Ux1pNw=",
        "owner": "nixos",
        "repo": "nixpkgs",
        "rev": "331800de5053fcebacf6813adb5db9c9dca22a0c",
        "type": "github"
      },
      "original": {
        "owner": "nixos",
        "ref": "nixos-unstable",
        "repo": "nixpkgs",
        "type": "github"
      }
    },
    "nixpkgs_5": {
      "locked": {
        "lastModified": 1779560665,
        "narHash": "sha256-tpyBcxPpcQb8ukyNF7DoCwfSY3VPsxHoYwj00Cayv5o=",
        "owner": "NixOS",
        "repo": "nixpkgs",
        "rev": "64c08a7ca051951c8eae34e3e3cb1e202fe36786",
        "type": "github"
      },
      "original": {
        "owner": "NixOS",
        "ref": "nixos-unstable",
        "repo": "nixpkgs",
        "type": "github"
      }
    },
    "nixpkgs_6": {
      "locked": {
        "lastModified": 1780336545,
        "narHash": "sha256-vhVhuXzFrIOfcssC/9hDHx7MHzDKjF3keHuREOQqQiQ=",
        "owner": "NixOS",
        "repo": "nixpkgs",
        "rev": "4df1b885d76a54e1aa1a318f8d16fd6005b6401f",
        "type": "github"
      },
      "original": {
        "owner": "NixOS",
        "ref": "nixpkgs-unstable",
        "repo": "nixpkgs",
        "type": "github"
      }
    },
    "nur": {
      "inputs": {
        "flake-parts": "flake-parts_2",
        "nixpkgs": "nixpkgs_4"
      },
      "locked": {
        "lastModified": 1780519290,
        "narHash": "sha256-RHMyKD3Ylv/vdnudEHNp8DD/9SAU/1OZJj63juc7xFM=",
        "owner": "nix-community",
        "repo": "NUR",
        "rev": "ef93e5df4fabab66e78a633a8b98a5825d7ec43c",
        "type": "github"
      },
      "original": {
        "owner": "nix-community",
        "repo": "NUR",
        "type": "github"
      }
    },
    "nur_2": {
      "inputs": {
        "flake-parts": [
          "stylix",
          "flake-parts"
        ],
        "nixpkgs": [
          "stylix",
          "nixpkgs"
        ]
      },
      "locked": {
        "lastModified": 1780281641,
        "narHash": "sha256-M/+hUKoKbHXpV0xGVfELbN1Ds1aoe3pL5p5/t46YhVo=",
        "owner": "nix-community",
        "repo": "NUR",
        "rev": "30f9ae2f04174de63ba8bcf3580ca90843b28a01",
        "type": "github"
      },
      "original": {
        "owner": "nix-community",
        "repo": "NUR",
        "type": "github"
      }
    },
    "ny": {
      "flake": false,
      "locked": {
        "narHash": "sha256-3257NAH4qlan2YHVLpNRy7x8IJqR2pal3OzFo/ykqXs=",
        "type": "file",
        "url": "https://devimages-cdn.apple.com/design/resources/download/NY.dmg"
      },
      "original": {
        "type": "file",
        "url": "https://devimages-cdn.apple.com/design/resources/download/NY.dmg"
      }
    },
    "org-modern-indent": {
      "flake": false,
      "locked": {
        "lastModified": 1678423102,
        "narHash": "sha256-7EWtvL8SlYQ8EDx9mR3ixdXYwLI1D9cCOKF+7t08DtQ=",
        "owner": "alphapapa",
        "repo": "org-modern-indent",
        "rev": "952abf3a54d0589fd2a25e007d67254a6a30276a",
        "type": "github"
      },
      "original": {
        "owner": "alphapapa",
        "repo": "org-modern-indent",
        "type": "github"
      }
    },
    "org-novelist": {
      "flake": false,
      "locked": {
        "lastModified": 1716379970,
        "narHash": "sha256-9rUCaOOSxSIHLH8NIdiDudLGmcF2C3FfgwKkwjKeHgg=",
        "owner": "sympodius",
        "repo": "org-novelist",
        "rev": "4577dcc8d0206bc321c307bffc13ead107cf5ee0",
        "type": "github"
      },
      "original": {
        "owner": "sympodius",
        "repo": "org-novelist",
        "type": "github"
      }
    },
    "pertab": {
      "flake": false,
      "locked": {
        "lastModified": 1780507930,
        "narHash": "sha256-fmjYHbj5BgDdLUdWlvr7w0hTsujaTBh+BBai8KcZVGg=",
        "owner": "firefoxsalesman",
        "repo": "pertab",
        "rev": "9379a33fb524cf1bdc12c65e7efb23656d5dc044",
        "type": "github"
      },
      "original": {
        "owner": "firefoxsalesman",
        "repo": "pertab",
        "type": "github"
      }
    },
    "repeaters": {
      "flake": false,
      "locked": {
        "lastModified": 1651435869,
        "narHash": "sha256-FCg7AMMyQpfNmkhYSzTkdw+r+KWOzFxMgQSCLGTkP44=",
        "owner": "mmarshall540",
        "repo": "repeaters",
        "rev": "fd1cb2e7bc6363be19910b33efd214e3a4931047",
        "type": "github"
      },
      "original": {
        "owner": "mmarshall540",
        "repo": "repeaters",
        "type": "github"
      }
    },
    "roll": {
      "flake": false,
      "locked": {
        "lastModified": 1758535401,
        "narHash": "sha256-e9vbVZmG3Mii4f9AQbsu8PZ/l/Q5wn9oEapg3SUaN8c=",
        "owner": "finalclass",
        "repo": "emacs-roll",
        "rev": "c187f6b9cafb6e166c3e39b87b97686ec7784906",
        "type": "github"
      },
      "original": {
        "owner": "finalclass",
        "repo": "emacs-roll",
        "type": "github"
      }
    },
    "root": {
      "inputs": {
        "app-launcher": "app-launcher",
        "apple-fonts": "apple-fonts",
        "doom-nano-modeline": "doom-nano-modeline",
        "emacs-init": "emacs-init",
        "emacs-overlay": "emacs-overlay",
        "exwm-qutebrowser": "exwm-qutebrowser",
        "ezf": "ezf",
        "flake-parts": "flake-parts",
        "home-manager": "home-manager",
        "import-tree": "import-tree",
        "kmonad": "kmonad",
        "mpc-wrapper": "mpc-wrapper",
        "nixpkgs": "nixpkgs_3",
        "nixpkgs-stable": "nixpkgs-stable_2",
        "nur": "nur",
        "pertab": "pertab",
        "repeaters": "repeaters",
        "roll": "roll",
        "stylix": "stylix",
        "wrapper-modules": "wrapper-modules"
      }
    },
    "semel": {
      "flake": false,
      "locked": {
        "lastModified": 1758617713,
        "narHash": "sha256-mOTqc08fw8EJG9VyGto3MaGKsbguxMs2vuEDr9v4FZo=",
        "owner": "eshelyaron",
        "repo": "semel",
        "rev": "649cb73aa8bcc5fe06869fa09e83992639fcf07b",
        "type": "github"
      },
      "original": {
        "owner": "eshelyaron",
        "repo": "semel",
        "type": "github"
      }
    },
    "sf-arabic": {
      "flake": false,
      "locked": {
        "narHash": "sha256-/0gjRimqvZyE60xYxxPdlU+7Q2LJnnvtbmwOP0YmS9U=",
        "type": "file",
        "url": "https://devimages-cdn.apple.com/design/resources/download/SF-Arabic.dmg"
      },
      "original": {
        "type": "file",
        "url": "https://devimages-cdn.apple.com/design/resources/download/SF-Arabic.dmg"
      }
    },
    "sf-armenian": {
      "flake": false,
      "locked": {
        "narHash": "sha256-rRoDkbNMYkzOHZmQm96Zv80TZvRlAeoxkv4pMHP5nUg=",
        "type": "file",
        "url": "https://devimages-cdn.apple.com/design/resources/download/SF-Armenian.dmg"
      },
      "original": {
        "type": "file",
        "url": "https://devimages-cdn.apple.com/design/resources/download/SF-Armenian.dmg"
      }
    },
    "sf-compact": {
      "flake": false,
      "locked": {
        "narHash": "sha256-oLhkN4HYkU1Xjxk+xdmyxJmROSzo1qd/tafdxw7icxs=",
        "type": "file",
        "url": "https://devimages-cdn.apple.com/design/resources/download/SF-Compact.dmg"
      },
      "original": {
        "type": "file",
        "url": "https://devimages-cdn.apple.com/design/resources/download/SF-Compact.dmg"
      }
    },
    "sf-georgian": {
      "flake": false,
      "locked": {
        "narHash": "sha256-IevVNOC28IiR45YfI3PsZzXLMRxuB5u7UiE53Zn6tRU=",
        "type": "file",
        "url": "https://devimages-cdn.apple.com/design/resources/download/SF-Georgian.dmg"
      },
      "original": {
        "type": "file",
        "url": "https://devimages-cdn.apple.com/design/resources/download/SF-Georgian.dmg"
      }
    },
    "sf-hebrew": {
      "flake": false,
      "locked": {
        "narHash": "sha256-Dw84kYwMpCtKKKqm8cZcQ9TZ7GayU5MO7W0LJw0Rcwk=",
        "type": "file",
        "url": "https://devimages-cdn.apple.com/design/resources/download/SF-Hebrew.dmg"
      },
      "original": {
        "type": "file",
        "url": "https://devimages-cdn.apple.com/design/resources/download/SF-Hebrew.dmg"
      }
    },
    "sf-mono": {
      "flake": false,
      "locked": {
        "narHash": "sha256-ICdHRFdNL7PM/fXJUzS7LgZxZiqcyIuCMHLze4En4vg=",
        "type": "file",
        "url": "https://devimages-cdn.apple.com/design/resources/download/SF-Mono.dmg"
      },
      "original": {
        "type": "file",
        "url": "https://devimages-cdn.apple.com/design/resources/download/SF-Mono.dmg"
      }
    },
    "sf-pro": {
      "flake": false,
      "locked": {
        "narHash": "sha256-s42hsaUe0Vkaw5yw8G7G3W3AYJb2TPqSlMqPyY0e5WU=",
        "type": "file",
        "url": "https://devimages-cdn.apple.com/design/resources/download/SF-Pro.dmg"
      },
      "original": {
        "type": "file",
        "url": "https://devimages-cdn.apple.com/design/resources/download/SF-Pro.dmg"
      }
    },
    "stylix": {
      "inputs": {
        "base16": "base16",
        "base16-fish": "base16-fish",
        "base16-helix": "base16-helix",
        "base16-vim": "base16-vim",
        "firefox-gnome-theme": "firefox-gnome-theme",
        "flake-parts": "flake-parts_3",
        "gnome-shell": "gnome-shell",
        "nixpkgs": "nixpkgs_5",
        "nur": "nur_2",
        "systems": "systems",
        "tinted-kitty": "tinted-kitty",
        "tinted-schemes": "tinted-schemes",
        "tinted-tmux": "tinted-tmux",
        "tinted-zed": "tinted-zed"
      },
      "locked": {
        "lastModified": 1780498403,
        "narHash": "sha256-ptk4OrUyr3ubnjZcuqM1qL97L3q7wgnL24oudQEYUno=",
        "owner": "danth",
        "repo": "stylix",
        "rev": "525965744b770af79c985ae5c43c65e441dc8b29",
        "type": "github"
      },
      "original": {
        "owner": "danth",
        "repo": "stylix",
        "type": "github"
      }
    },
    "svelte-ts-mode": {
      "flake": false,
      "locked": {
        "lastModified": 1753004480,
        "narHash": "sha256-1V389XqYCOlewqBglv//UkaZwHEc5pFqbt7nrLdgU6U=",
        "owner": "leafOfTree",
        "repo": "svelte-ts-mode",
        "rev": "8a7b90358a79b7844a39ffa722eac2fd41eea2ca",
        "type": "github"
      },
      "original": {
        "owner": "leafOfTree",
        "repo": "svelte-ts-mode",
        "type": "github"
      }
    },
    "symex": {
      "flake": false,
      "locked": {
        "lastModified": 1757439166,
        "narHash": "sha256-18FsqxP4UNXTx5jSo2y/IyP34ZUFQckh6gL++yzzqso=",
        "owner": "firefoxsalesman",
        "repo": "symex.el",
        "rev": "8dec240d796757d1c769a1cf4e489927b560c480",
        "type": "github"
      },
      "original": {
        "owner": "firefoxsalesman",
        "ref": "treesit",
        "repo": "symex.el",
        "type": "github"
      }
    },
    "systems": {
      "locked": {
        "lastModified": 1681028828,
        "narHash": "sha256-Vy1rq5AaRuLzOxct8nz4T6wlgyUR7zLU309k9mBC768=",
        "owner": "nix-systems",
        "repo": "default",
        "rev": "da67096a3b9bf56a91d16901293e51ba5b49a27e",
        "type": "github"
      },
      "original": {
        "owner": "nix-systems",
        "repo": "default",
        "type": "github"
      }
    },
    "tinted-kitty": {
      "flake": false,
      "locked": {
        "lastModified": 1735730497,
        "narHash": "sha256-4KtB+FiUzIeK/4aHCKce3V9HwRvYaxX+F1edUrfgzb8=",
        "owner": "tinted-theming",
        "repo": "tinted-kitty",
        "rev": "de6f888497f2c6b2279361bfc790f164bfd0f3fa",
        "type": "github"
      },
      "original": {
        "owner": "tinted-theming",
        "repo": "tinted-kitty",
        "type": "github"
      }
    },
    "tinted-schemes": {
      "flake": false,
      "locked": {
        "lastModified": 1777806186,
        "narHash": "sha256-PDF0/wObw4nIsSBeXVYLsloXOiphXCgIdsrNcVXguKs=",
        "owner": "tinted-theming",
        "repo": "schemes",
        "rev": "0c94645546f4f3ddac77a1a5fce54eb95bf50795",
        "type": "github"
      },
      "original": {
        "owner": "tinted-theming",
        "repo": "schemes",
        "type": "github"
      }
    },
    "tinted-tmux": {
      "flake": false,
      "locked": {
        "lastModified": 1778379944,
        "narHash": "sha256-wPDFzMGSlARlw0Sfsn48Q2+jPSfk6N0Ng6BC/d+7Q24=",
        "owner": "tinted-theming",
        "repo": "tinted-tmux",
        "rev": "fe0203a198690e71a5ff11e08812a4673de3678d",
        "type": "github"
      },
      "original": {
        "owner": "tinted-theming",
        "repo": "tinted-tmux",
        "type": "github"
      }
    },
    "tinted-zed": {
      "flake": false,
      "locked": {
        "lastModified": 1778378178,
        "narHash": "sha256-OXPXRIQgGwV77HjYRryOHguh4ALX96jkg+tseLkGgHA=",
        "owner": "tinted-theming",
        "repo": "base16-zed",
        "rev": "9cd816033ff969415b190722cddf134e78a5665f",
        "type": "github"
      },
      "original": {
        "owner": "tinted-theming",
        "repo": "base16-zed",
        "type": "github"
      }
    },
    "use-package-eglot": {
      "flake": false,
      "locked": {
        "lastModified": 1754999779,
        "narHash": "sha256-P42tMHhpxAiLvKE7fWG1LuCbAJiMviQH9+XLFsc99K4=",
        "owner": "firefoxsalesman",
        "repo": "use-package-eglot",
        "rev": "2decf8fa4b7ecb3783c1118e45196cd8cdb04b30",
        "type": "github"
      },
      "original": {
        "owner": "firefoxsalesman",
        "repo": "use-package-eglot",
        "type": "github"
      }
    },
    "wrapper-modules": {
      "inputs": {
        "nixpkgs": "nixpkgs_6"
      },
      "locked": {
        "lastModified": 1780519948,
        "narHash": "sha256-+JiqyEa+77HfyiuJcsG5hUc3bGeEflhUG4TD+CaChzQ=",
        "owner": "BirdeeHub",
        "repo": "nix-wrapper-modules",
        "rev": "6d9506b09f8fbe0429153da1cebef2bd61a98848",
        "type": "github"
      },
      "original": {
        "owner": "BirdeeHub",
        "repo": "nix-wrapper-modules",
        "type": "github"
      }
    }
  },
  "root": "root",
  "version": 7
}
