{
  "nodes": {
    "app-launcher": {
      "flake": false,
      "locked": {
        "lastModified": 1650093975,
        "narHash": "sha256-d0d5rkuxK/zKpSCa1UTdpV7o+RDDsEeab56rI7xUJ1E=",
        "owner": "SebastienWae",
        "repo": "app-launcher",
        "rev": "d5015e394b0a666a8c7c4d4bdf786266e773b145",
        "type": "github"
      },
      "original": {
        "owner": "SebastienWae",
        "repo": "app-launcher",
        "type": "github"
      }
    },
    "apple-fonts": {
      "inputs": {
        "nixpkgs": "nixpkgs",
        "ny": "ny",
        "sf-arabic": "sf-arabic",
        "sf-compact": "sf-compact",
        "sf-mono": "sf-mono",
        "sf-pro": "sf-pro"
      },
      "locked": {
        "lastModified": 1732029343,
        "narHash": "sha256-sAOEhA/vfyAKggwyI3PNy2xeNzb/USZl4YNpeSzMRBI=",
        "owner": "Lyndeno",
        "repo": "apple-fonts.nix",
        "rev": "714767021b57d0d30de35eb90e4b748fbbb9c99f",
        "type": "github"
      },
      "original": {
        "owner": "Lyndeno",
        "repo": "apple-fonts.nix",
        "type": "github"
      }
    },
    "base16": {
      "inputs": {
        "fromYaml": "fromYaml"
      },
      "locked": {
        "lastModified": 1732200724,
        "narHash": "sha256-+R1BH5wHhfnycySb7Sy5KbYEaTJZWm1h+LW1OtyhiTs=",
        "owner": "SenchoPens",
        "repo": "base16.nix",
        "rev": "153d52373b0fb2d343592871009a286ec8837aec",
        "type": "github"
      },
      "original": {
        "owner": "SenchoPens",
        "repo": "base16.nix",
        "type": "github"
      }
    },
    "base16-fish": {
      "flake": false,
      "locked": {
        "lastModified": 1622559957,
        "narHash": "sha256-PebymhVYbL8trDVVXxCvZgc0S5VxI7I1Hv4RMSquTpA=",
        "owner": "tomyun",
        "repo": "base16-fish",
        "rev": "2f6dd973a9075dabccd26f1cded09508180bf5fe",
        "type": "github"
      },
      "original": {
        "owner": "tomyun",
        "repo": "base16-fish",
        "type": "github"
      }
    },
    "base16-helix": {
      "flake": false,
      "locked": {
        "lastModified": 1736852337,
        "narHash": "sha256-esD42YdgLlEh7koBrSqcT7p2fsMctPAcGl/+2sYJa2o=",
        "owner": "tinted-theming",
        "repo": "base16-helix",
        "rev": "03860521c40b0b9c04818f2218d9cc9efc21e7a5",
        "type": "github"
      },
      "original": {
        "owner": "tinted-theming",
        "repo": "base16-helix",
        "type": "github"
      }
    },
    "base16-vim": {
      "flake": false,
      "locked": {
        "lastModified": 1732806396,
        "narHash": "sha256-e0bpPySdJf0F68Ndanwm+KWHgQiZ0s7liLhvJSWDNsA=",
        "owner": "tinted-theming",
        "repo": "base16-vim",
        "rev": "577fe8125d74ff456cf942c733a85d769afe58b7",
        "type": "github"
      },
      "original": {
        "owner": "tinted-theming",
        "repo": "base16-vim",
        "rev": "577fe8125d74ff456cf942c733a85d769afe58b7",
        "type": "github"
      }
    },
    "dired-single": {
      "flake": false,
      "locked": {
        "lastModified": 1739213074,
        "narHash": "sha256-BqgTcUxj69mu1PawbUzhj9RYPP+Gv5BCa91qWGKt66g=",
        "owner": "firefoxsalesman",
        "repo": "dired-single",
        "rev": "1cd502b59ea9df77783d3c8677b9fbca1287bf49",
        "type": "github"
      },
      "original": {
        "owner": "firefoxsalesman",
        "repo": "dired-single",
        "type": "github"
      }
    },
    "doom-nano-modeline": {
      "flake": false,
      "locked": {
        "lastModified": 1694978792,
        "narHash": "sha256-fvYraJKFdbaCELrfeSzsTvvOA5yhsLVRLe5AdXkt0ig=",
        "owner": "ronisbr",
        "repo": "doom-nano-modeline",
        "rev": "196fb7db2a177fd6c827a1e775cfada05c33da77",
        "type": "github"
      },
      "original": {
        "owner": "ronisbr",
        "repo": "doom-nano-modeline",
        "type": "github"
      }
    },
    "doom-utils": {
      "flake": false,
      "locked": {
        "lastModified": 1708378736,
        "narHash": "sha256-q6geZYywWJbeKUMedqR6RoNCNljA5R2obIHKwcVmKlI=",
        "owner": "firefoxsalesman",
        "repo": "doom-utils",
        "rev": "17498f8ad2f7961803b605508d095487fdde090a",
        "type": "github"
      },
      "original": {
        "owner": "firefoxsalesman",
        "repo": "doom-utils",
        "type": "github"
      }
    },
    "eglot-booster": {
      "flake": false,
      "locked": {
        "lastModified": 1730187731,
        "narHash": "sha256-PLfaXELkdX5NZcSmR1s/kgmU16ODF8bn56nfTh9g6bs=",
        "owner": "jdtsmith",
        "repo": "eglot-booster",
        "rev": "e6daa6bcaf4aceee29c8a5a949b43eb1b89900ed",
        "type": "github"
      },
      "original": {
        "owner": "jdtsmith",
        "repo": "eglot-booster",
        "type": "github"
      }
    },
    "eglot-x": {
      "flake": false,
      "locked": {
        "lastModified": 1739715421,
        "narHash": "sha256-6FY/Y5ahA82N0uJ0Dvb5e390UoVBEi8E8kKGfyknM/k=",
        "owner": "nemethf",
        "repo": "eglot-x",
        "rev": "5b5a56ddf8a087520f5e25a7343ec6503338e35b",
        "type": "github"
      },
      "original": {
        "owner": "nemethf",
        "repo": "eglot-x",
        "type": "github"
      }
    },
    "emacs-embark": {
      "flake": false,
      "locked": {
        "lastModified": 1738386104,
        "narHash": "sha256-auW47JDl9CkaLz4jZ232fsFROm9ssnuvDp0O9cWgOXo=",
        "owner": "oantolin",
        "repo": "embark",
        "rev": "d5df0eff182b014ab49328a4dbb1d69eb7faafbd",
        "type": "github"
      },
      "original": {
        "owner": "oantolin",
        "repo": "embark",
        "type": "github"
      }
    },
    "emacs-overlay": {
      "inputs": {
        "nixpkgs": "nixpkgs_2",
        "nixpkgs-stable": "nixpkgs-stable"
      },
      "locked": {
        "lastModified": 1739899089,
        "narHash": "sha256-c4unvat02RCCVSoA2m+b5ueGpLSgHPNINiEQHnfclnM=",
        "owner": "nix-community",
        "repo": "emacs-overlay",
        "rev": "27a753338e52cb2ad04b534861054f415e596b42",
        "type": "github"
      },
      "original": {
        "owner": "nix-community",
        "repo": "emacs-overlay",
        "type": "github"
      }
    },
    "exwm-outer-gaps": {
      "flake": false,
      "locked": {
        "lastModified": 1726322435,
        "narHash": "sha256-4fwaFEULhyHhrx4P1VDitwsz5AWMcRcz2kGx4FQiQnc=",
        "owner": "firefoxsalesman",
        "repo": "exwm-outer-gaps",
        "rev": "e79291540d46555cc14406cff98f080741a96857",
        "type": "github"
      },
      "original": {
        "owner": "firefoxsalesman",
        "repo": "exwm-outer-gaps",
        "type": "github"
      }
    },
    "exwm-qutebrowser": {
      "flake": false,
      "locked": {
        "lastModified": 1738693660,
        "narHash": "sha256-5JHRPZ4BBYY6gnNBs60wBgpc04FQwCaxxc1OOHlS6c8=",
        "owner": "lrustand",
        "repo": "qutebrowser.el",
        "rev": "7aaf41a9641fd256b91c28ef43e3873565d664c1",
        "type": "github"
      },
      "original": {
        "owner": "lrustand",
        "repo": "qutebrowser.el",
        "type": "github"
      }
    },
    "ezf": {
      "flake": false,
      "locked": {
        "lastModified": 1702913955,
        "narHash": "sha256-AxPTxgBiwAF8vxDmZOoo2sJCHB7bwmGvjwTS6SxwDMk=",
        "owner": "firefoxsalesman",
        "repo": "ezf",
        "rev": "b46e8e9dff4fd86fb513182be48aef7af9441fd1",
        "type": "github"
      },
      "original": {
        "owner": "firefoxsalesman",
        "repo": "ezf",
        "type": "github"
      }
    },
    "firefox-gnome-theme": {
      "flake": false,
      "locked": {
        "lastModified": 1739223196,
        "narHash": "sha256-vAxN2f3rvl5q62gQQjZGVSvF93nAsOxntuFz+e/655w=",
        "owner": "rafaelmardojai",
        "repo": "firefox-gnome-theme",
        "rev": "a89108e6272426f4eddd93ba17d0ea101c34fb21",
        "type": "github"
      },
      "original": {
        "owner": "rafaelmardojai",
        "repo": "firefox-gnome-theme",
        "type": "github"
      }
    },
    "flake-compat": {
      "flake": false,
      "locked": {
        "lastModified": 1733328505,
        "narHash": "sha256-NeCCThCEP3eCl2l/+27kNNK7QrwZB1IJCrXfrbv5oqU=",
        "owner": "edolstra",
        "repo": "flake-compat",
        "rev": "ff81ac966bb2cae68946d5ed5fc4994f96d0ffec",
        "type": "github"
      },
      "original": {
        "owner": "edolstra",
        "repo": "flake-compat",
        "type": "github"
      }
    },
    "flake-utils": {
      "locked": {
        "lastModified": 1659877975,
        "narHash": "sha256-zllb8aq3YO3h8B/U0/J1WBgAL8EX5yWf5pMj3G0NAmc=",
        "owner": "numtide",
        "repo": "flake-utils",
        "rev": "c0e246b9b83f637f4681389ecabcb2681b4f3af0",
        "type": "github"
      },
      "original": {
        "owner": "numtide",
        "repo": "flake-utils",
        "type": "github"
      }
    },
    "flake-utils_2": {
      "inputs": {
        "systems": [
          "stylix",
          "systems"
        ]
      },
      "locked": {
        "lastModified": 1731533236,
        "narHash": "sha256-l0KFg5HjrsfsO/JpG+r7fRrqm12kzFHyUHqHCVpMMbI=",
        "owner": "numtide",
        "repo": "flake-utils",
        "rev": "11707dc2f618dd54ca8739b309ec4fc024de578b",
        "type": "github"
      },
      "original": {
        "owner": "numtide",
        "repo": "flake-utils",
        "type": "github"
      }
    },
    "fromYaml": {
      "flake": false,
      "locked": {
        "lastModified": 1731966426,
        "narHash": "sha256-lq95WydhbUTWig/JpqiB7oViTcHFP8Lv41IGtayokA8=",
        "owner": "SenchoPens",
        "repo": "fromYaml",
        "rev": "106af9e2f715e2d828df706c386a685698f3223b",
        "type": "github"
      },
      "original": {
        "owner": "SenchoPens",
        "repo": "fromYaml",
        "type": "github"
      }
    },
    "git-hooks": {
      "inputs": {
        "flake-compat": [
          "stylix",
          "flake-compat"
        ],
        "gitignore": "gitignore",
        "nixpkgs": [
          "stylix",
          "nixpkgs"
        ]
      },
      "locked": {
        "lastModified": 1735882644,
        "narHash": "sha256-3FZAG+pGt3OElQjesCAWeMkQ7C/nB1oTHLRQ8ceP110=",
        "owner": "cachix",
        "repo": "git-hooks.nix",
        "rev": "a5a961387e75ae44cc20f0a57ae463da5e959656",
        "type": "github"
      },
      "original": {
        "owner": "cachix",
        "repo": "git-hooks.nix",
        "type": "github"
      }
    },
    "gitignore": {
      "inputs": {
        "nixpkgs": [
          "stylix",
          "git-hooks",
          "nixpkgs"
        ]
      },
      "locked": {
        "lastModified": 1709087332,
        "narHash": "sha256-HG2cCnktfHsKV0s4XW83gU3F57gaTljL9KNSuG6bnQs=",
        "owner": "hercules-ci",
        "repo": "gitignore.nix",
        "rev": "637db329424fd7e46cf4185293b9cc8c88c95394",
        "type": "github"
      },
      "original": {
        "owner": "hercules-ci",
        "repo": "gitignore.nix",
        "type": "github"
      }
    },
    "gnome-shell": {
      "flake": false,
      "locked": {
        "lastModified": 1732369855,
        "narHash": "sha256-JhUWbcYPjHO3Xs3x9/Z9RuqXbcp5yhPluGjwsdE2GMg=",
        "owner": "GNOME",
        "repo": "gnome-shell",
        "rev": "dadd58f630eeea41d645ee225a63f719390829dc",
        "type": "github"
      },
      "original": {
        "owner": "GNOME",
        "ref": "47.2",
        "repo": "gnome-shell",
        "type": "github"
      }
    },
    "gptel-quick": {
      "flake": false,
      "locked": {
        "lastModified": 1737500962,
        "narHash": "sha256-ajqLLCIsvej9BlbyH8JnyfpntRWGcuqMIehFVVRucBY=",
        "owner": "karthink",
        "repo": "gptel-quick",
        "rev": "d7a3aedefdc656a136d5664f2dac165a1f6ebf0e",
        "type": "github"
      },
      "original": {
        "owner": "karthink",
        "repo": "gptel-quick",
        "type": "github"
      }
    },
    "home-manager": {
      "inputs": {
        "nixpkgs": [
          "nixpkgs"
        ]
      },
      "locked": {
        "lastModified": 1739907986,
        "narHash": "sha256-Vo7LHigoL4VdIJt+rVaQEctBzWN5di1FUvygeLg141E=",
        "owner": "nix-community",
        "repo": "home-manager",
        "rev": "a135aae1be749a10227413f9eb944a6f887dab86",
        "type": "github"
      },
      "original": {
        "owner": "nix-community",
        "repo": "home-manager",
        "type": "github"
      }
    },
    "home-manager_2": {
      "inputs": {
        "nixpkgs": [
          "stylix",
          "nixpkgs"
        ]
      },
      "locked": {
        "lastModified": 1737630279,
        "narHash": "sha256-wJQCxyMRc4P26zDrHmZiRD5bbfcJpqPG3e2djdGG3pk=",
        "owner": "nix-community",
        "repo": "home-manager",
        "rev": "0db5c8bfcce78583ebbde0b2abbc95ad93445f7c",
        "type": "github"
      },
      "original": {
        "owner": "nix-community",
        "repo": "home-manager",
        "type": "github"
      }
    },
    "kmonad": {
      "inputs": {
        "nixpkgs": [
          "nixpkgs"
        ]
      },
      "locked": {
        "dir": "nix",
        "lastModified": 1739789146,
        "narHash": "sha256-3zqH3j31nBzYWm+8jYZ43lOc8co52X/Y4KZIeB7WoLM=",
        "owner": "kmonad",
        "repo": "kmonad",
        "rev": "964ebcfc8ce2a3f0ae830fe72474452d5b92ce1e",
        "type": "github"
      },
      "original": {
        "dir": "nix",
        "owner": "kmonad",
        "repo": "kmonad",
        "type": "github"
      }
    },
    "mpc-wrapper": {
      "flake": false,
      "locked": {
        "lastModified": 1700100438,
        "narHash": "sha256-Ky/9rLxxsDkpyg1cqohtshxzVilhOGFgumg/2SPOezk=",
        "owner": "FirefoxSalesman",
        "repo": "mpc-wrapper",
        "rev": "6a585c39caaef2f56cb54ae28887794ddacce2e0",
        "type": "github"
      },
      "original": {
        "owner": "FirefoxSalesman",
        "repo": "mpc-wrapper",
        "type": "github"
      }
    },
    "nixgl": {
      "inputs": {
        "flake-utils": "flake-utils",
        "nixpkgs": [
          "nixpkgs"
        ]
      },
      "locked": {
        "lastModified": 1713543440,
        "narHash": "sha256-lnzZQYG0+EXl/6NkGpyIz+FEOc/DSEG57AP1VsdeNrM=",
        "owner": "nix-community",
        "repo": "nixGL",
        "rev": "310f8e49a149e4c9ea52f1adf70cdc768ec53f8a",
        "type": "github"
      },
      "original": {
        "owner": "nix-community",
        "repo": "nixGL",
        "type": "github"
      }
    },
    "nixpkgs": {
      "locked": {
        "lastModified": 1731319897,
        "narHash": "sha256-PbABj4tnbWFMfBp6OcUK5iGy1QY+/Z96ZcLpooIbuEI=",
        "owner": "nixos",
        "repo": "nixpkgs",
        "rev": "dc460ec76cbff0e66e269457d7b728432263166c",
        "type": "github"
      },
      "original": {
        "owner": "nixos",
        "ref": "nixos-unstable",
        "repo": "nixpkgs",
        "type": "github"
      }
    },
    "nixpkgs-stable": {
      "locked": {
        "lastModified": 1739758141,
        "narHash": "sha256-uq6A2L7o1/tR6VfmYhZWoVAwb3gTy7j4Jx30MIrH0rE=",
        "owner": "NixOS",
        "repo": "nixpkgs",
        "rev": "c618e28f70257593de75a7044438efc1c1fc0791",
        "type": "github"
      },
      "original": {
        "owner": "NixOS",
        "ref": "nixos-24.11",
        "repo": "nixpkgs",
        "type": "github"
      }
    },
    "nixpkgs-stable_2": {
      "locked": {
        "lastModified": 1739758141,
        "narHash": "sha256-uq6A2L7o1/tR6VfmYhZWoVAwb3gTy7j4Jx30MIrH0rE=",
        "owner": "nixos",
        "repo": "nixpkgs",
        "rev": "c618e28f70257593de75a7044438efc1c1fc0791",
        "type": "github"
      },
      "original": {
        "owner": "nixos",
        "ref": "nixos-24.11",
        "repo": "nixpkgs",
        "type": "github"
      }
    },
    "nixpkgs_2": {
      "locked": {
        "lastModified": 1739736696,
        "narHash": "sha256-zON2GNBkzsIyALlOCFiEBcIjI4w38GYOb+P+R4S8Jsw=",
        "owner": "NixOS",
        "repo": "nixpkgs",
        "rev": "d74a2335ac9c133d6bbec9fc98d91a77f1604c1f",
        "type": "github"
      },
      "original": {
        "owner": "NixOS",
        "ref": "nixos-unstable",
        "repo": "nixpkgs",
        "type": "github"
      }
    },
    "nixpkgs_3": {
      "locked": {
        "lastModified": 1739736696,
        "narHash": "sha256-zON2GNBkzsIyALlOCFiEBcIjI4w38GYOb+P+R4S8Jsw=",
        "owner": "nixos",
        "repo": "nixpkgs",
        "rev": "d74a2335ac9c133d6bbec9fc98d91a77f1604c1f",
        "type": "github"
      },
      "original": {
        "owner": "nixos",
        "ref": "nixos-unstable",
        "repo": "nixpkgs",
        "type": "github"
      }
    },
    "nixpkgs_4": {
      "locked": {
        "lastModified": 1736798957,
        "narHash": "sha256-qwpCtZhSsSNQtK4xYGzMiyEDhkNzOCz/Vfu4oL2ETsQ=",
        "owner": "NixOS",
        "repo": "nixpkgs",
        "rev": "9abb87b552b7f55ac8916b6fc9e5cb486656a2f3",
        "type": "github"
      },
      "original": {
        "owner": "NixOS",
        "ref": "nixos-unstable",
        "repo": "nixpkgs",
        "type": "github"
      }
    },
    "ny": {
      "flake": false,
      "locked": {
        "narHash": "sha256-3257NAH4qlan2YHVLpNRy7x8IJqR2pal3OzFo/ykqXs=",
        "type": "file",
        "url": "https://devimages-cdn.apple.com/design/resources/download/NY.dmg"
      },
      "original": {
        "type": "file",
        "url": "https://devimages-cdn.apple.com/design/resources/download/NY.dmg"
      }
    },
    "org-modern-indent": {
      "flake": false,
      "locked": {
        "lastModified": 1678423102,
        "narHash": "sha256-7EWtvL8SlYQ8EDx9mR3ixdXYwLI1D9cCOKF+7t08DtQ=",
        "owner": "alphapapa",
        "repo": "org-modern-indent",
        "rev": "952abf3a54d0589fd2a25e007d67254a6a30276a",
        "type": "github"
      },
      "original": {
        "owner": "alphapapa",
        "repo": "org-modern-indent",
        "type": "github"
      }
    },
    "repeaters": {
      "flake": false,
      "locked": {
        "lastModified": 1651435869,
        "narHash": "sha256-FCg7AMMyQpfNmkhYSzTkdw+r+KWOzFxMgQSCLGTkP44=",
        "owner": "mmarshall540",
        "repo": "repeaters",
        "rev": "fd1cb2e7bc6363be19910b33efd214e3a4931047",
        "type": "github"
      },
      "original": {
        "owner": "mmarshall540",
        "repo": "repeaters",
        "type": "github"
      }
    },
    "root": {
      "inputs": {
        "app-launcher": "app-launcher",
        "apple-fonts": "apple-fonts",
        "dired-single": "dired-single",
        "doom-nano-modeline": "doom-nano-modeline",
        "doom-utils": "doom-utils",
        "eglot-booster": "eglot-booster",
        "eglot-x": "eglot-x",
        "emacs-embark": "emacs-embark",
        "emacs-overlay": "emacs-overlay",
        "exwm-outer-gaps": "exwm-outer-gaps",
        "exwm-qutebrowser": "exwm-qutebrowser",
        "ezf": "ezf",
        "gptel-quick": "gptel-quick",
        "home-manager": "home-manager",
        "kmonad": "kmonad",
        "mpc-wrapper": "mpc-wrapper",
        "nixgl": "nixgl",
        "nixpkgs": "nixpkgs_3",
        "nixpkgs-stable": "nixpkgs-stable_2",
        "org-modern-indent": "org-modern-indent",
        "repeaters": "repeaters",
        "stylix": "stylix",
        "symex2": "symex2",
        "treesitter-context": "treesitter-context"
      }
    },
    "sf-arabic": {
      "flake": false,
      "locked": {
        "narHash": "sha256-/0gjRimqvZyE60xYxxPdlU+7Q2LJnnvtbmwOP0YmS9U=",
        "type": "file",
        "url": "https://devimages-cdn.apple.com/design/resources/download/SF-Arabic.dmg"
      },
      "original": {
        "type": "file",
        "url": "https://devimages-cdn.apple.com/design/resources/download/SF-Arabic.dmg"
      }
    },
    "sf-compact": {
      "flake": false,
      "locked": {
        "narHash": "sha256-J72Lyt2wy83E46wN8w6/Rih9kilM9wEjtY6KnbF0DsA=",
        "type": "file",
        "url": "https://devimages-cdn.apple.com/design/resources/download/SF-Compact.dmg"
      },
      "original": {
        "type": "file",
        "url": "https://devimages-cdn.apple.com/design/resources/download/SF-Compact.dmg"
      }
    },
    "sf-mono": {
      "flake": false,
      "locked": {
        "narHash": "sha256-ICdHRFdNL7PM/fXJUzS7LgZxZiqcyIuCMHLze4En4vg=",
        "type": "file",
        "url": "https://devimages-cdn.apple.com/design/resources/download/SF-Mono.dmg"
      },
      "original": {
        "type": "file",
        "url": "https://devimages-cdn.apple.com/design/resources/download/SF-Mono.dmg"
      }
    },
    "sf-pro": {
      "flake": false,
      "locked": {
        "narHash": "sha256-Q/pOQ4MGhW/ZtLka+UUQcwSoZFDWW34XvutxL4GvzUY=",
        "type": "file",
        "url": "https://devimages-cdn.apple.com/design/resources/download/SF-Pro.dmg"
      },
      "original": {
        "type": "file",
        "url": "https://devimages-cdn.apple.com/design/resources/download/SF-Pro.dmg"
      }
    },
    "stylix": {
      "inputs": {
        "base16": "base16",
        "base16-fish": "base16-fish",
        "base16-helix": "base16-helix",
        "base16-vim": "base16-vim",
        "firefox-gnome-theme": "firefox-gnome-theme",
        "flake-compat": "flake-compat",
        "flake-utils": "flake-utils_2",
        "git-hooks": "git-hooks",
        "gnome-shell": "gnome-shell",
        "home-manager": "home-manager_2",
        "nixpkgs": "nixpkgs_4",
        "systems": "systems",
        "tinted-foot": "tinted-foot",
        "tinted-kitty": "tinted-kitty",
        "tinted-schemes": "tinted-schemes",
        "tinted-tmux": "tinted-tmux",
        "tinted-zed": "tinted-zed"
      },
      "locked": {
        "lastModified": 1739909171,
        "narHash": "sha256-GmuW8XkOF6lSEQBeXzUCyr6tetbbxX8wpNJlwFqT/9E=",
        "owner": "danth",
        "repo": "stylix",
        "rev": "aeb550add3bfa1ce3ce249c3b3dad71ebb018318",
        "type": "github"
      },
      "original": {
        "owner": "danth",
        "repo": "stylix",
        "type": "github"
      }
    },
    "symex2": {
      "flake": false,
      "locked": {
        "lastModified": 1729278262,
        "narHash": "sha256-kuYYCllNu23u61YksBpnZ9wg23VkT2u8Z4FY4Qcd428=",
        "owner": "firefoxsalesman",
        "repo": "symex.el",
        "rev": "9bc19793a3d81e5027b8d40acbcb2e2ad26c220c",
        "type": "github"
      },
      "original": {
        "owner": "firefoxsalesman",
        "ref": "2.0-integration",
        "repo": "symex.el",
        "type": "github"
      }
    },
    "systems": {
      "locked": {
        "lastModified": 1681028828,
        "narHash": "sha256-Vy1rq5AaRuLzOxct8nz4T6wlgyUR7zLU309k9mBC768=",
        "owner": "nix-systems",
        "repo": "default",
        "rev": "da67096a3b9bf56a91d16901293e51ba5b49a27e",
        "type": "github"
      },
      "original": {
        "owner": "nix-systems",
        "repo": "default",
        "type": "github"
      }
    },
    "tinted-foot": {
      "flake": false,
      "locked": {
        "lastModified": 1726913040,
        "narHash": "sha256-+eDZPkw7efMNUf3/Pv0EmsidqdwNJ1TaOum6k7lngDQ=",
        "owner": "tinted-theming",
        "repo": "tinted-foot",
        "rev": "fd1b924b6c45c3e4465e8a849e67ea82933fcbe4",
        "type": "github"
      },
      "original": {
        "owner": "tinted-theming",
        "repo": "tinted-foot",
        "rev": "fd1b924b6c45c3e4465e8a849e67ea82933fcbe4",
        "type": "github"
      }
    },
    "tinted-kitty": {
      "flake": false,
      "locked": {
        "lastModified": 1716423189,
        "narHash": "sha256-2xF3sH7UIwegn+2gKzMpFi3pk5DlIlM18+vj17Uf82U=",
        "owner": "tinted-theming",
        "repo": "tinted-kitty",
        "rev": "eb39e141db14baef052893285df9f266df041ff8",
        "type": "github"
      },
      "original": {
        "owner": "tinted-theming",
        "repo": "tinted-kitty",
        "rev": "eb39e141db14baef052893285df9f266df041ff8",
        "type": "github"
      }
    },
    "tinted-schemes": {
      "flake": false,
      "locked": {
        "lastModified": 1737565458,
        "narHash": "sha256-y+9cvOA6BLKT0WfebDsyUpUa/YxKow9hTjBp6HpQv68=",
        "owner": "tinted-theming",
        "repo": "schemes",
        "rev": "ae31625ba47aeaa4bf6a98cf11a8d4886f9463d9",
        "type": "github"
      },
      "original": {
        "owner": "tinted-theming",
        "repo": "schemes",
        "type": "github"
      }
    },
    "tinted-tmux": {
      "flake": false,
      "locked": {
        "lastModified": 1735737224,
        "narHash": "sha256-FO2hRBkZsjlIRqzNHCPc/52yxg11kHGA8MEtSun9RwE=",
        "owner": "tinted-theming",
        "repo": "tinted-tmux",
        "rev": "aead506a9930c717ebf81cc83a2126e9ca08fa64",
        "type": "github"
      },
      "original": {
        "owner": "tinted-theming",
        "repo": "tinted-tmux",
        "type": "github"
      }
    },
    "tinted-zed": {
      "flake": false,
      "locked": {
        "lastModified": 1725758778,
        "narHash": "sha256-8P1b6mJWyYcu36WRlSVbuj575QWIFZALZMTg5ID/sM4=",
        "owner": "tinted-theming",
        "repo": "base16-zed",
        "rev": "122c9e5c0e6f27211361a04fae92df97940eccf9",
        "type": "github"
      },
      "original": {
        "owner": "tinted-theming",
        "repo": "base16-zed",
        "type": "github"
      }
    },
    "treesitter-context": {
      "flake": false,
      "locked": {
        "lastModified": 1722263854,
        "narHash": "sha256-wH36jBIxItq6gijmZ63xXQFMZNO0ESNR8O1Utfq9TeU=",
        "owner": "zbelial",
        "repo": "treesitter-context.el",
        "rev": "90b39f4afa5c1a5d031035907e54d8f6fc01b7b3",
        "type": "github"
      },
      "original": {
        "owner": "zbelial",
        "repo": "treesitter-context.el",
        "type": "github"
      }
    }
  },
  "root": "root",
  "version": 7
}
